
Microsoft Visual Studio Solution File, Format Version 12.00
# Visual Studio 15
VisualStudioVersion = 15.0.27428.2037
MinimumVisualStudioVersion = 10.0.40219.1
Project("{FAE04EC0-301F-11D3-BF4B-00C04F79EFBC}") = "StudentsDb", "StudentsDb\StudentsDb.csproj", "{2A7F86F6-73C1-4484-97F8-B7136CFA9C29}"
EndProject
Project("{FAE04EC0-301F-11D3-BF4B-00C04F79EFBC}") = "StudentsDb.Tests", "StudentsDb.Tests\StudentsDb.Tests.csproj", "{10A860D8-6A3F-4F97-9401-460D7A9AA3B8}"
EndProject
Global
	GlobalSection(SolutionConfigurationPlatforms) = preSolution
		Debug|Any CPU = Debug|Any CPU
		Release|Any CPU = Release|Any CPU
	EndGlobalSection
	GlobalSection(ProjectConfigurationPlatforms) = postSolution
		{2A7F86F6-73C1-4484-97F8-B7136CFA9C29}.Debug|Any CPU.ActiveCfg = Debug|Any CPU
		{2A7F86F6-73C1-4484-97F8-B7136CFA9C29}.Debug|Any CPU.Build.0 = Debug|Any CPU
		{2A7F86F6-73C1-4484-97F8-B7136CFA9C29}.Release|Any CPU.ActiveCfg = Release|Any CPU
		{2A7F86F6-73C1-4484-97F8-B7136CFA9C29}.Release|Any CPU.Build.0 = Release|Any CPU
		{10A860D8-6A3F-4F97-9401-460D7A9AA3B8}.Debug|Any CPU.ActiveCfg = Debug|Any CPU
		{10A860D8-6A3F-4F97-9401-460D7A9AA3B8}.Debug|Any CPU.Build.0 = Debug|Any CPU
		{10A860D8-6A3F-4F97-9401-460D7A9AA3B8}.Release|Any CPU.ActiveCfg = Release|Any CPU
		{10A860D8-6A3F-4F97-9401-460D7A9AA3B8}.Release|Any CPU.Build.0 = Release|Any CPU
	EndGlobalSection
	GlobalSection(SolutionProperties) = preSolution
		HideSolutionNode = FALSE
	EndGlobalSection
	GlobalSection(ExtensibilityGlobals) = postSolution
		SolutionGuid = {88B18012-331E-4BEF-B2AA-1BB8C5D67ED6}
	EndGlobalSection
EndGlobal
